
Microsoft Visual Studio Solution File, Format Version 12.00
# Visual Studio Version 16
VisualStudioVersion = 16.0.30907.101
MinimumVisualStudioVersion = 10.0.40219.1
Project("{FAE04EC0-301F-11D3-BF4B-00C04F79EFBC}") = "UniversityApp", "UniversityApp\UniversityApp.csproj", "{3F0F04E5-47E1-494E-A85F-300CAD98D10F}"
EndProject
Global
	GlobalSection(SolutionConfigurationPlatforms) = preSolution
		Debug|Any CPU = Debug|Any CPU
		Release|Any CPU = Release|Any CPU
	EndGlobalSection
	GlobalSection(ProjectConfigurationPlatforms) = postSolution
		{3F0F04E5-47E1-494E-A85F-300CAD98D10F}.Debug|Any CPU.ActiveCfg = Debug|Any CPU
		{3F0F04E5-47E1-494E-A85F-300CAD98D10F}.Debug|Any CPU.Build.0 = Debug|Any CPU
		{3F0F04E5-47E1-494E-A85F-300CAD98D10F}.Release|Any CPU.ActiveCfg = Release|Any CPU
		{3F0F04E5-47E1-494E-A85F-300CAD98D10F}.Release|Any CPU.Build.0 = Release|Any CPU
	EndGlobalSection
	GlobalSection(SolutionProperties) = preSolution
		HideSolutionNode = FALSE
	EndGlobalSection
	GlobalSection(ExtensibilityGlobals) = postSolution
		SolutionGuid = {28C8002A-21F5-463A-BB17-A034B75CCF79}
	EndGlobalSection
EndGlobal
